
Microsoft Visual Studio Solution File, Format Version 11.00
# Visual Studio 2010
Project("{FAE04EC0-301F-11D3-BF4B-00C04F79EFBC}") = "PeanutLibrary", "PeanutLibrary\PeanutLibrary.csproj", "{D2AA2A64-BE12-40FC-98C0-C87D9B4CF513}"
EndProject
Project("{2150E333-8FDC-42A3-9474-1A3956D46DE8}") = "Lib", "Lib", "{297CCBC1-4CF4-446E-AF2B-B65B427ABA0E}"
EndProject
Project("{FAE04EC0-301F-11D3-BF4B-00C04F79EFBC}") = "Testing", "Testing\Testing.csproj", "{53852974-65CD-4185-8BD8-23BA9DCBD081}"
EndProject
Global
	GlobalSection(SolutionConfigurationPlatforms) = preSolution
		Debug|Any CPU = Debug|Any CPU
		Debug|Mixed Platforms = Debug|Mixed Platforms
		Debug|x86 = Debug|x86
		Release|Any CPU = Release|Any CPU
		Release|Mixed Platforms = Release|Mixed Platforms
		Release|x86 = Release|x86
	EndGlobalSection
	GlobalSection(ProjectConfigurationPlatforms) = postSolution
		{D2AA2A64-BE12-40FC-98C0-C87D9B4CF513}.Debug|Any CPU.ActiveCfg = Debug|Any CPU
		{D2AA2A64-BE12-40FC-98C0-C87D9B4CF513}.Debug|Any CPU.Build.0 = Debug|Any CPU
		{D2AA2A64-BE12-40FC-98C0-C87D9B4CF513}.Debug|Mixed Platforms.ActiveCfg = Debug|Any CPU
		{D2AA2A64-BE12-40FC-98C0-C87D9B4CF513}.Debug|Mixed Platforms.Build.0 = Debug|Any CPU
		{D2AA2A64-BE12-40FC-98C0-C87D9B4CF513}.Debug|x86.ActiveCfg = Debug|Any CPU
		{D2AA2A64-BE12-40FC-98C0-C87D9B4CF513}.Release|Any CPU.ActiveCfg = Release|Any CPU
		{D2AA2A64-BE12-40FC-98C0-C87D9B4CF513}.Release|Any CPU.Build.0 = Release|Any CPU
		{D2AA2A64-BE12-40FC-98C0-C87D9B4CF513}.Release|Mixed Platforms.ActiveCfg = Release|Any CPU
		{D2AA2A64-BE12-40FC-98C0-C87D9B4CF513}.Release|Mixed Platforms.Build.0 = Release|Any CPU
		{D2AA2A64-BE12-40FC-98C0-C87D9B4CF513}.Release|x86.ActiveCfg = Release|Any CPU
		{53852974-65CD-4185-8BD8-23BA9DCBD081}.Debug|Any CPU.ActiveCfg = Debug|x86
		{53852974-65CD-4185-8BD8-23BA9DCBD081}.Debug|Mixed Platforms.ActiveCfg = Debug|x86
		{53852974-65CD-4185-8BD8-23BA9DCBD081}.Debug|Mixed Platforms.Build.0 = Debug|x86
		{53852974-65CD-4185-8BD8-23BA9DCBD081}.Debug|x86.ActiveCfg = Debug|x86
		{53852974-65CD-4185-8BD8-23BA9DCBD081}.Debug|x86.Build.0 = Debug|x86
		{53852974-65CD-4185-8BD8-23BA9DCBD081}.Release|Any CPU.ActiveCfg = Release|x86
		{53852974-65CD-4185-8BD8-23BA9DCBD081}.Release|Mixed Platforms.ActiveCfg = Release|x86
		{53852974-65CD-4185-8BD8-23BA9DCBD081}.Release|Mixed Platforms.Build.0 = Release|x86
		{53852974-65CD-4185-8BD8-23BA9DCBD081}.Release|x86.ActiveCfg = Release|x86
		{53852974-65CD-4185-8BD8-23BA9DCBD081}.Release|x86.Build.0 = Release|x86
	EndGlobalSection
	GlobalSection(SolutionProperties) = preSolution
		HideSolutionNode = FALSE
	EndGlobalSection
EndGlobal
